// !$*UTF8*$!
{
	archiveVersion = 1;
	classes = {
	};
	objectVersion = 46;
	objects = {

/* Begin PBXBuildFile section */
		4CF4D411179A8888003118C6 /* locationViewController.mm in Sources */ = {isa = PBXBuildFile; fileRef = 4CF4D40F179A8888003118C6 /* locationViewController.mm */; };
		4CF4D412179A8888003118C6 /* locationViewController.xib in Resources */ = {isa = PBXBuildFile; fileRef = 4CF4D410179A8888003118C6 /* locationViewController.xib */; };
		4CF4D414179A8A8C003118C6 /* QuartzCore.framework in Frameworks */ = {isa = PBXBuildFile; fileRef = 4CF4D413179A8A8C003118C6 /* QuartzCore.framework */; };
		4CF4D416179A8A9A003118C6 /* OpenGLES.framework in Frameworks */ = {isa = PBXBuildFile; fileRef = 4CF4D415179A8A9A003118C6 /* OpenGLES.framework */; };
		4CF4D418179A8ABE003118C6 /* CoreLocation.framework in Frameworks */ = {isa = PBXBuildFile; fileRef = 4CF4D417179A8ABE003118C6 /* CoreLocation.framework */; };
		4CF4D41C179ACF63003118C6 /* detailViewController.m in Sources */ = {isa = PBXBuildFile; fileRef = 4CF4D41A179ACF63003118C6 /* detailViewController.m */; };
		4CF4D41D179ACF63003118C6 /* detailViewController.xib in Resources */ = {isa = PBXBuildFile; fileRef = 4CF4D41B179ACF63003118C6 /* detailViewController.xib */; };
		9046D00C179AFFA2009460FC /* SystemManager.m in Sources */ = {isa = PBXBuildFile; fileRef = 9046D00B179AFFA2009460FC /* SystemManager.m */; };
		907B0F51179A4287009EE2D9 /* UIKit.framework in Frameworks */ = {isa = PBXBuildFile; fileRef = 907B0F50179A4287009EE2D9 /* UIKit.framework */; };
		907B0F53179A4287009EE2D9 /* Foundation.framework in Frameworks */ = {isa = PBXBuildFile; fileRef = 907B0F52179A4287009EE2D9 /* Foundation.framework */; };
		907B0F55179A4287009EE2D9 /* CoreGraphics.framework in Frameworks */ = {isa = PBXBuildFile; fileRef = 907B0F54179A4287009EE2D9 /* CoreGraphics.framework */; };
		907B0F5B179A4287009EE2D9 /* InfoPlist.strings in Resources */ = {isa = PBXBuildFile; fileRef = 907B0F59179A4287009EE2D9 /* InfoPlist.strings */; };
		907B0F5D179A4287009EE2D9 /* main.m in Sources */ = {isa = PBXBuildFile; fileRef = 907B0F5C179A4287009EE2D9 /* main.m */; };
		907B0F61179A4287009EE2D9 /* AppDelegate.mm in Sources */ = {isa = PBXBuildFile; fileRef = 907B0F60179A4287009EE2D9 /* AppDelegate.mm */; };
		907B0F63179A4287009EE2D9 /* Default.png in Resources */ = {isa = PBXBuildFile; fileRef = 907B0F62179A4287009EE2D9 /* Default.png */; };
		907B0F65179A4287009EE2D9 /* Default@2x.png in Resources */ = {isa = PBXBuildFile; fileRef = 907B0F64179A4287009EE2D9 /* Default@2x.png */; };
		907B0F67179A4287009EE2D9 /* Default-568h@2x.png in Resources */ = {isa = PBXBuildFile; fileRef = 907B0F66179A4287009EE2D9 /* Default-568h@2x.png */; };
		907B0F6A179A4287009EE2D9 /* ViewController.m in Sources */ = {isa = PBXBuildFile; fileRef = 907B0F69179A4287009EE2D9 /* ViewController.m */; };
		907B0F6D179A4287009EE2D9 /* ViewController.xib in Resources */ = {isa = PBXBuildFile; fileRef = 907B0F6B179A4287009EE2D9 /* ViewController.xib */; };
		907B0F8B179A7557009EE2D9 /* FrontViewController.m in Sources */ = {isa = PBXBuildFile; fileRef = 907B0F86179A7557009EE2D9 /* FrontViewController.m */; };
		907B0F8C179A7557009EE2D9 /* RevealViewController.m in Sources */ = {isa = PBXBuildFile; fileRef = 907B0F88179A7557009EE2D9 /* RevealViewController.m */; };
		907B0F8D179A7557009EE2D9 /* ZUUIRevealController.m in Sources */ = {isa = PBXBuildFile; fileRef = 907B0F8A179A7557009EE2D9 /* ZUUIRevealController.m */; };
		907B0F90179A7573009EE2D9 /* LeftViewController.m in Sources */ = {isa = PBXBuildFile; fileRef = 907B0F8F179A7573009EE2D9 /* LeftViewController.m */; };
		90B4CB70179A9CE1001BD25C /* iphone.a in Frameworks */ = {isa = PBXBuildFile; fileRef = 90B4CB6F179A9CE1001BD25C /* iphone.a */; };
		90B4CB72179AA036001BD25C /* mapapi.bundle in Resources */ = {isa = PBXBuildFile; fileRef = 90B4CB71179AA036001BD25C /* mapapi.bundle */; };
		90B4CB74179AB2DE001BD25C /* CoreData.framework in Frameworks */ = {isa = PBXBuildFile; fileRef = 90B4CB73179AB2DE001BD25C /* CoreData.framework */; };
		90B4CB77179ACD2A001BD25C /* NaviPopMenuView.m in Sources */ = {isa = PBXBuildFile; fileRef = 90B4CB76179ACD2A001BD25C /* NaviPopMenuView.m */; };
		D89276B3179A66600099C99A /* Reachability.m in Sources */ = {isa = PBXBuildFile; fileRef = D89276B2179A66600099C99A /* Reachability.m */; settings = {COMPILER_FLAGS = "-fno-objc-arc"; }; };
		D8927707179A66910099C99A /* ASIAuthenticationDialog.m in Sources */ = {isa = PBXBuildFile; fileRef = D89276B6179A66910099C99A /* ASIAuthenticationDialog.m */; settings = {COMPILER_FLAGS = "-fno-objc-arc"; }; };
		D8927708179A66910099C99A /* ASIDataCompressor.m in Sources */ = {isa = PBXBuildFile; fileRef = D89276B9179A66910099C99A /* ASIDataCompressor.m */; settings = {COMPILER_FLAGS = "-fno-objc-arc"; }; };
		D8927709179A66910099C99A /* ASIDataDecompressor.m in Sources */ = {isa = PBXBuildFile; fileRef = D89276BB179A66910099C99A /* ASIDataDecompressor.m */; settings = {COMPILER_FLAGS = "-fno-objc-arc"; }; };
		D892770A179A66910099C99A /* ASIDownloadCache.m in Sources */ = {isa = PBXBuildFile; fileRef = D89276BD179A66910099C99A /* ASIDownloadCache.m */; settings = {COMPILER_FLAGS = "-fno-objc-arc"; }; };
		D892770B179A66910099C99A /* ASIFormDataRequest.m in Sources */ = {isa = PBXBuildFile; fileRef = D89276BF179A66910099C99A /* ASIFormDataRequest.m */; settings = {COMPILER_FLAGS = "-fno-objc-arc"; }; };
		D892770C179A66910099C99A /* ASIHTTPRequest.m in Sources */ = {isa = PBXBuildFile; fileRef = D89276C1179A66910099C99A /* ASIHTTPRequest.m */; settings = {COMPILER_FLAGS = "-fno-objc-arc"; }; };
		D892770D179A66910099C99A /* ASIInputStream.m in Sources */ = {isa = PBXBuildFile; fileRef = D89276C5179A66910099C99A /* ASIInputStream.m */; settings = {COMPILER_FLAGS = "-fno-objc-arc"; }; };
		D892770E179A66910099C99A /* ASINetworkQueue.m in Sources */ = {isa = PBXBuildFile; fileRef = D89276C7179A66910099C99A /* ASINetworkQueue.m */; settings = {COMPILER_FLAGS = "-fno-objc-arc"; }; };
		D892770F179A66910099C99A /* ASIWebPageRequest.m in Sources */ = {isa = PBXBuildFile; fileRef = D89276CB179A66910099C99A /* ASIWebPageRequest.m */; settings = {COMPILER_FLAGS = "-fno-objc-arc"; }; };
		D8927710179A66910099C99A /* ASICloudFilesCDNRequest.m in Sources */ = {isa = PBXBuildFile; fileRef = D89276CE179A66910099C99A /* ASICloudFilesCDNRequest.m */; settings = {COMPILER_FLAGS = "-fno-objc-arc"; }; };
		D8927711179A66910099C99A /* ASICloudFilesContainer.m in Sources */ = {isa = PBXBuildFile; fileRef = D89276D0179A66910099C99A /* ASICloudFilesContainer.m */; settings = {COMPILER_FLAGS = "-fno-objc-arc"; }; };
		D8927712179A66910099C99A /* ASICloudFilesContainerRequest.m in Sources */ = {isa = PBXBuildFile; fileRef = D89276D2179A66910099C99A /* ASICloudFilesContainerRequest.m */; settings = {COMPILER_FLAGS = "-fno-objc-arc"; }; };
		D8927713179A66910099C99A /* ASICloudFilesContainerXMLParserDelegate.m in Sources */ = {isa = PBXBuildFile; fileRef = D89276D4179A66910099C99A /* ASICloudFilesContainerXMLParserDelegate.m */; settings = {COMPILER_FLAGS = "-fno-objc-arc"; }; };
		D8927714179A66910099C99A /* ASICloudFilesObject.m in Sources */ = {isa = PBXBuildFile; fileRef = D89276D6179A66910099C99A /* ASICloudFilesObject.m */; settings = {COMPILER_FLAGS = "-fno-objc-arc"; }; };
		D8927715179A66910099C99A /* ASICloudFilesObjectRequest.m in Sources */ = {isa = PBXBuildFile; fileRef = D89276D8179A66910099C99A /* ASICloudFilesObjectRequest.m */; settings = {COMPILER_FLAGS = "-fno-objc-arc"; }; };
		D8927716179A66910099C99A /* ASICloudFilesRequest.m in Sources */ = {isa = PBXBuildFile; fileRef = D89276DA179A66910099C99A /* ASICloudFilesRequest.m */; settings = {COMPILER_FLAGS = "-fno-objc-arc"; }; };
		D8927717179A66910099C99A /* ASIS3Bucket.m in Sources */ = {isa = PBXBuildFile; fileRef = D89276DE179A66910099C99A /* ASIS3Bucket.m */; settings = {COMPILER_FLAGS = "-fno-objc-arc"; }; };
		D8927718179A66910099C99A /* ASIS3BucketObject.m in Sources */ = {isa = PBXBuildFile; fileRef = D89276E0179A66910099C99A /* ASIS3BucketObject.m */; settings = {COMPILER_FLAGS = "-fno-objc-arc"; }; };
		D8927719179A66910099C99A /* ASIS3BucketRequest.m in Sources */ = {isa = PBXBuildFile; fileRef = D89276E2179A66910099C99A /* ASIS3BucketRequest.m */; settings = {COMPILER_FLAGS = "-fno-objc-arc"; }; };
		D892771A179A66910099C99A /* ASIS3ObjectRequest.m in Sources */ = {isa = PBXBuildFile; fileRef = D89276E4179A66910099C99A /* ASIS3ObjectRequest.m */; settings = {COMPILER_FLAGS = "-fno-objc-arc"; }; };
		D892771B179A66910099C99A /* ASIS3Request.m in Sources */ = {isa = PBXBuildFile; fileRef = D89276E6179A66910099C99A /* ASIS3Request.m */; settings = {COMPILER_FLAGS = "-fno-objc-arc"; }; };
		D892771C179A66910099C99A /* ASIS3ServiceRequest.m in Sources */ = {isa = PBXBuildFile; fileRef = D89276E8179A66910099C99A /* ASIS3ServiceRequest.m */; settings = {COMPILER_FLAGS = "-fno-objc-arc"; }; };
		D892772D179A66F30099C99A /* CFNetwork.framework in Frameworks */ = {isa = PBXBuildFile; fileRef = D892772C179A66F30099C99A /* CFNetwork.framework */; };
		D892772F179A67000099C99A /* MobileCoreServices.framework in Frameworks */ = {isa = PBXBuildFile; fileRef = D892772E179A67000099C99A /* MobileCoreServices.framework */; };
		D8927731179A67080099C99A /* SystemConfiguration.framework in Frameworks */ = {isa = PBXBuildFile; fileRef = D8927730179A67080099C99A /* SystemConfiguration.framework */; };
		D8927733179A671C0099C99A /* libxml2.dylib in Frameworks */ = {isa = PBXBuildFile; fileRef = D8927732179A671C0099C99A /* libxml2.dylib */; };
		D8927735179A67230099C99A /* libz.dylib in Frameworks */ = {isa = PBXBuildFile; fileRef = D8927734179A67230099C99A /* libz.dylib */; };
		D892773C179A6BB00099C99A /* IHActionTableViewCell.m in Sources */ = {isa = PBXBuildFile; fileRef = D892773B179A6BB00099C99A /* IHActionTableViewCell.m */; };
		D892773F179A6C240099C99A /* IHAction.m in Sources */ = {isa = PBXBuildFile; fileRef = D892773E179A6C240099C99A /* IHAction.m */; };
		D8927744179A714C0099C99A /* 00151816.jpg in Resources */ = {isa = PBXBuildFile; fileRef = D8927743179A714C0099C99A /* 00151816.jpg */; };
		D8927746179A776F0099C99A /* 20115201212718777801.jpg in Resources */ = {isa = PBXBuildFile; fileRef = D8927745179A776F0099C99A /* 20115201212718777801.jpg */; };
		D89277B4179AA5B60099C99A /* IHUser.m in Sources */ = {isa = PBXBuildFile; fileRef = D89277B3179AA5B60099C99A /* IHUser.m */; };
		D89277B7179AA5CE0099C99A /* IHActionType.m in Sources */ = {isa = PBXBuildFile; fileRef = D89277B6179AA5CE0099C99A /* IHActionType.m */; };
		D89277BA179AC7EC0099C99A /* actionCreateViewController.m in Sources */ = {isa = PBXBuildFile; fileRef = D89277B9179AC7EB0099C99A /* actionCreateViewController.m */; };
		D89277BE179AD60F0099C99A /* MediaPlayer.framework in Frameworks */ = {isa = PBXBuildFile; fileRef = D89277BD179AD60E0099C99A /* MediaPlayer.framework */; };
		D89277C1179AE4890099C99A /* actionTableViewController.m in Sources */ = {isa = PBXBuildFile; fileRef = D89277C0179AE4890099C99A /* actionTableViewController.m */; };
		D89277C4179AFFFB0099C99A /* IHMovieImageBtn.m in Sources */ = {isa = PBXBuildFile; fileRef = D89277C3179AFFFA0099C99A /* IHMovieImageBtn.m */; };
		D89277C7179B001C0099C99A /* IHMovie.m in Sources */ = {isa = PBXBuildFile; fileRef = D89277C6179B001C0099C99A /* IHMovie.m */; };
/* End PBXBuildFile section */

/* Begin PBXFileReference section */
		4CF4D3EA179A8833003118C6 /* BMapKit.h */ = {isa = PBXFileReference; fileEncoding = 4; lastKnownFileType = sourcecode.c.h; path = BMapKit.h; sourceTree = "<group>"; };
		4CF4D3EB179A8833003118C6 /* BMKAnnotation.h */ = {isa = PBXFileReference; fileEncoding = 4; lastKnownFileType = sourcecode.c.h; path = BMKAnnotation.h; sourceTree = "<group>"; };
		4CF4D3EC179A8833003118C6 /* BMKAnnotationView.h */ = {isa = PBXFileReference; fileEncoding = 4; lastKnownFileType = sourcecode.c.h; path = BMKAnnotationView.h; sourceTree = "<group>"; };
		4CF4D3ED179A8833003118C6 /* BMKCircle.h */ = {isa = PBXFileReference; fileEncoding = 4; lastKnownFileType = sourcecode.c.h; path = BMKCircle.h; sourceTree = "<group>"; };
		4CF4D3EE179A8833003118C6 /* BMKCircleView.h */ = {isa = PBXFileReference; fileEncoding = 4; lastKnownFileType = sourcecode.c.h; path = BMKCircleView.h; sourceTree = "<group>"; };
		4CF4D3EF179A8833003118C6 /* BMKGeneralDelegate.h */ = {isa = PBXFileReference; fileEncoding = 4; lastKnownFileType = sourcecode.c.h; path = BMKGeneralDelegate.h; sourceTree = "<group>"; };
		4CF4D3F0179A8833003118C6 /* BMKGeocodeType.h */ = {isa = PBXFileReference; fileEncoding = 4; lastKnownFileType = sourcecode.c.h; path = BMKGeocodeType.h; sourceTree = "<group>"; };
		4CF4D3F1179A8833003118C6 /* BMKGeometry.h */ = {isa = PBXFileReference; fileEncoding = 4; lastKnownFileType = sourcecode.c.h; path = BMKGeometry.h; sourceTree = "<group>"; };
		4CF4D3F2179A8833003118C6 /* BMKMapManager.h */ = {isa = PBXFileReference; fileEncoding = 4; lastKnownFileType = sourcecode.c.h; path = BMKMapManager.h; sourceTree = "<group>"; };
		4CF4D3F3179A8833003118C6 /* BMKMapView.h */ = {isa = PBXFileReference; fileEncoding = 4; lastKnownFileType = sourcecode.c.h; path = BMKMapView.h; sourceTree = "<group>"; };
		4CF4D3F4179A8833003118C6 /* BMKMultiPoint.h */ = {isa = PBXFileReference; fileEncoding = 4; lastKnownFileType = sourcecode.c.h; path = BMKMultiPoint.h; sourceTree = "<group>"; };
		4CF4D3F5179A8833003118C6 /* BMKOfflineMap.h */ = {isa = PBXFileReference; fileEncoding = 4; lastKnownFileType = sourcecode.c.h; path = BMKOfflineMap.h; sourceTree = "<group>"; };
		4CF4D3F6179A8833003118C6 /* BMKOfflineMapType.h */ = {isa = PBXFileReference; fileEncoding = 4; lastKnownFileType = sourcecode.c.h; path = BMKOfflineMapType.h; sourceTree = "<group>"; };
		4CF4D3F7179A8833003118C6 /* BMKOverlay.h */ = {isa = PBXFileReference; fileEncoding = 4; lastKnownFileType = sourcecode.c.h; path = BMKOverlay.h; sourceTree = "<group>"; };
		4CF4D3F8179A8833003118C6 /* BMKOverlayPathView.h */ = {isa = PBXFileReference; fileEncoding = 4; lastKnownFileType = sourcecode.c.h; path = BMKOverlayPathView.h; sourceTree = "<group>"; };
		4CF4D3F9179A8833003118C6 /* BMKOverlayView.h */ = {isa = PBXFileReference; fileEncoding = 4; lastKnownFileType = sourcecode.c.h; path = BMKOverlayView.h; sourceTree = "<group>"; };
		4CF4D3FA179A8833003118C6 /* BMKPinAnnotationView.h */ = {isa = PBXFileReference; fileEncoding = 4; lastKnownFileType = sourcecode.c.h; path = BMKPinAnnotationView.h; sourceTree = "<group>"; };
		4CF4D3FB179A8833003118C6 /* BMKPointAnnotation.h */ = {isa = PBXFileReference; fileEncoding = 4; lastKnownFileType = sourcecode.c.h; path = BMKPointAnnotation.h; sourceTree = "<group>"; };
		4CF4D3FC179A8833003118C6 /* BMKPoiSearchType.h */ = {isa = PBXFileReference; fileEncoding = 4; lastKnownFileType = sourcecode.c.h; path = BMKPoiSearchType.h; sourceTree = "<group>"; };
		4CF4D3FD179A8833003118C6 /* BMKPolygon.h */ = {isa = PBXFileReference; fileEncoding = 4; lastKnownFileType = sourcecode.c.h; path = BMKPolygon.h; sourceTree = "<group>"; };
		4CF4D3FE179A8833003118C6 /* BMKPolygonView.h */ = {isa = PBXFileReference; fileEncoding = 4; lastKnownFileType = sourcecode.c.h; path = BMKPolygonView.h; sourceTree = "<group>"; };
		4CF4D3FF179A8833003118C6 /* BMKPolyline.h */ = {isa = PBXFileReference; fileEncoding = 4; lastKnownFileType = sourcecode.c.h; path = BMKPolyline.h; sourceTree = "<group>"; };
		4CF4D400179A8833003118C6 /* BMKPolylineView.h */ = {isa = PBXFileReference; fileEncoding = 4; lastKnownFileType = sourcecode.c.h; path = BMKPolylineView.h; sourceTree = "<group>"; };
		4CF4D401179A8833003118C6 /* BMKRouteSearchType.h */ = {isa = PBXFileReference; fileEncoding = 4; lastKnownFileType = sourcecode.c.h; path = BMKRouteSearchType.h; sourceTree = "<group>"; };
		4CF4D402179A8833003118C6 /* BMKSearch.h */ = {isa = PBXFileReference; fileEncoding = 4; lastKnownFileType = sourcecode.c.h; path = BMKSearch.h; sourceTree = "<group>"; };
		4CF4D403179A8833003118C6 /* BMKShape.h */ = {isa = PBXFileReference; fileEncoding = 4; lastKnownFileType = sourcecode.c.h; path = BMKShape.h; sourceTree = "<group>"; };
		4CF4D404179A8833003118C6 /* BMKTypes.h */ = {isa = PBXFileReference; fileEncoding = 4; lastKnownFileType = sourcecode.c.h; path = BMKTypes.h; sourceTree = "<group>"; };
		4CF4D405179A8833003118C6 /* BMKUserLocation.h */ = {isa = PBXFileReference; fileEncoding = 4; lastKnownFileType = sourcecode.c.h; path = BMKUserLocation.h; sourceTree = "<group>"; };
		4CF4D406179A8833003118C6 /* BMKVersion.h */ = {isa = PBXFileReference; fileEncoding = 4; lastKnownFileType = sourcecode.c.h; path = BMKVersion.h; sourceTree = "<group>"; };
		4CF4D40E179A8888003118C6 /* locationViewController.h */ = {isa = PBXFileReference; fileEncoding = 4; lastKnownFileType = sourcecode.c.h; path = locationViewController.h; sourceTree = "<group>"; };
		4CF4D40F179A8888003118C6 /* locationViewController.mm */ = {isa = PBXFileReference; fileEncoding = 4; lastKnownFileType = sourcecode.cpp.objcpp; path = locationViewController.mm; sourceTree = "<group>"; };
		4CF4D410179A8888003118C6 /* locationViewController.xib */ = {isa = PBXFileReference; fileEncoding = 4; lastKnownFileType = file.xib; path = locationViewController.xib; sourceTree = "<group>"; };
		4CF4D413179A8A8C003118C6 /* QuartzCore.framework */ = {isa = PBXFileReference; lastKnownFileType = wrapper.framework; name = QuartzCore.framework; path = System/Library/Frameworks/QuartzCore.framework; sourceTree = SDKROOT; };
		4CF4D415179A8A9A003118C6 /* OpenGLES.framework */ = {isa = PBXFileReference; lastKnownFileType = wrapper.framework; name = OpenGLES.framework; path = System/Library/Frameworks/OpenGLES.framework; sourceTree = SDKROOT; };
		4CF4D417179A8ABE003118C6 /* CoreLocation.framework */ = {isa = PBXFileReference; lastKnownFileType = wrapper.framework; name = CoreLocation.framework; path = System/Library/Frameworks/CoreLocation.framework; sourceTree = SDKROOT; };
		4CF4D419179ACF63003118C6 /* detailViewController.h */ = {isa = PBXFileReference; fileEncoding = 4; lastKnownFileType = sourcecode.c.h; path = detailViewController.h; sourceTree = "<group>"; };
		4CF4D41A179ACF63003118C6 /* detailViewController.m */ = {isa = PBXFileReference; fileEncoding = 4; lastKnownFileType = sourcecode.c.objc; path = detailViewController.m; sourceTree = "<group>"; };
		4CF4D41B179ACF63003118C6 /* detailViewController.xib */ = {isa = PBXFileReference; fileEncoding = 4; lastKnownFileType = file.xib; path = detailViewController.xib; sourceTree = "<group>"; };
		9046D00A179AFFA2009460FC /* SystemManager.h */ = {isa = PBXFileReference; fileEncoding = 4; lastKnownFileType = sourcecode.c.h; path = SystemManager.h; sourceTree = "<group>"; };
		9046D00B179AFFA2009460FC /* SystemManager.m */ = {isa = PBXFileReference; fileEncoding = 4; lastKnownFileType = sourcecode.c.objc; path = SystemManager.m; sourceTree = "<group>"; };
		9046D00D179B005A009460FC /* SynthesizeSingleton.h */ = {isa = PBXFileReference; fileEncoding = 4; lastKnownFileType = sourcecode.c.h; name = SynthesizeSingleton.h; path = Reachability/SynthesizeSingleton.h; sourceTree = "<group>"; };
		907B0F4D179A4287009EE2D9 /* hack.app */ = {isa = PBXFileReference; explicitFileType = wrapper.application; includeInIndex = 0; path = hack.app; sourceTree = BUILT_PRODUCTS_DIR; };
		907B0F50179A4287009EE2D9 /* UIKit.framework */ = {isa = PBXFileReference; lastKnownFileType = wrapper.framework; name = UIKit.framework; path = System/Library/Frameworks/UIKit.framework; sourceTree = SDKROOT; };
		907B0F52179A4287009EE2D9 /* Foundation.framework */ = {isa = PBXFileReference; lastKnownFileType = wrapper.framework; name = Foundation.framework; path = System/Library/Frameworks/Foundation.framework; sourceTree = SDKROOT; };
		907B0F54179A4287009EE2D9 /* CoreGraphics.framework */ = {isa = PBXFileReference; lastKnownFileType = wrapper.framework; name = CoreGraphics.framework; path = System/Library/Frameworks/CoreGraphics.framework; sourceTree = SDKROOT; };
		907B0F58179A4287009EE2D9 /* hack-Info.plist */ = {isa = PBXFileReference; lastKnownFileType = text.plist.xml; path = "hack-Info.plist"; sourceTree = "<group>"; };
		907B0F5A179A4287009EE2D9 /* en */ = {isa = PBXFileReference; lastKnownFileType = text.plist.strings; name = en; path = en.lproj/InfoPlist.strings; sourceTree = "<group>"; };
		907B0F5C179A4287009EE2D9 /* main.m */ = {isa = PBXFileReference; lastKnownFileType = sourcecode.c.objc; path = main.m; sourceTree = "<group>"; };
		907B0F5E179A4287009EE2D9 /* hack-Prefix.pch */ = {isa = PBXFileReference; lastKnownFileType = sourcecode.c.h; path = "hack-Prefix.pch"; sourceTree = "<group>"; };
		907B0F5F179A4287009EE2D9 /* AppDelegate.h */ = {isa = PBXFileReference; lastKnownFileType = sourcecode.c.h; path = AppDelegate.h; sourceTree = "<group>"; };
		907B0F60179A4287009EE2D9 /* AppDelegate.mm */ = {isa = PBXFileReference; lastKnownFileType = sourcecode.cpp.objcpp; path = AppDelegate.mm; sourceTree = "<group>"; };
		907B0F62179A4287009EE2D9 /* Default.png */ = {isa = PBXFileReference; lastKnownFileType = image.png; path = Default.png; sourceTree = "<group>"; };
		907B0F64179A4287009EE2D9 /* Default@2x.png */ = {isa = PBXFileReference; lastKnownFileType = image.png; path = "Default@2x.png"; sourceTree = "<group>"; };
		907B0F66179A4287009EE2D9 /* Default-568h@2x.png */ = {isa = PBXFileReference; lastKnownFileType = image.png; path = "Default-568h@2x.png"; sourceTree = "<group>"; };
		907B0F68179A4287009EE2D9 /* ViewController.h */ = {isa = PBXFileReference; lastKnownFileType = sourcecode.c.h; path = ViewController.h; sourceTree = "<group>"; };
		907B0F69179A4287009EE2D9 /* ViewController.m */ = {isa = PBXFileReference; lastKnownFileType = sourcecode.c.objc; path = ViewController.m; sourceTree = "<group>"; };
		907B0F6C179A4287009EE2D9 /* en */ = {isa = PBXFileReference; lastKnownFileType = file.xib; name = en; path = en.lproj/ViewController.xib; sourceTree = "<group>"; };
		907B0F85179A7557009EE2D9 /* FrontViewController.h */ = {isa = PBXFileReference; fileEncoding = 4; lastKnownFileType = sourcecode.c.h; path = FrontViewController.h; sourceTree = "<group>"; };
		907B0F86179A7557009EE2D9 /* FrontViewController.m */ = {isa = PBXFileReference; fileEncoding = 4; lastKnownFileType = sourcecode.c.objc; path = FrontViewController.m; sourceTree = "<group>"; };
		907B0F87179A7557009EE2D9 /* RevealViewController.h */ = {isa = PBXFileReference; fileEncoding = 4; lastKnownFileType = sourcecode.c.h; path = RevealViewController.h; sourceTree = "<group>"; };
		907B0F88179A7557009EE2D9 /* RevealViewController.m */ = {isa = PBXFileReference; fileEncoding = 4; lastKnownFileType = sourcecode.c.objc; path = RevealViewController.m; sourceTree = "<group>"; };
		907B0F89179A7557009EE2D9 /* ZUUIRevealController.h */ = {isa = PBXFileReference; fileEncoding = 4; lastKnownFileType = sourcecode.c.h; path = ZUUIRevealController.h; sourceTree = "<group>"; };
		907B0F8A179A7557009EE2D9 /* ZUUIRevealController.m */ = {isa = PBXFileReference; fileEncoding = 4; lastKnownFileType = sourcecode.c.objc; path = ZUUIRevealController.m; sourceTree = "<group>"; };
		907B0F8E179A7573009EE2D9 /* LeftViewController.h */ = {isa = PBXFileReference; fileEncoding = 4; lastKnownFileType = sourcecode.c.h; path = LeftViewController.h; sourceTree = "<group>"; };
		907B0F8F179A7573009EE2D9 /* LeftViewController.m */ = {isa = PBXFileReference; fileEncoding = 4; lastKnownFileType = sourcecode.c.objc; path = LeftViewController.m; sourceTree = "<group>"; };
		90B4CB6F179A9CE1001BD25C /* iphone.a */ = {isa = PBXFileReference; lastKnownFileType = archive.ar; path = iphone.a; sourceTree = "<group>"; };
		90B4CB71179AA036001BD25C /* mapapi.bundle */ = {isa = PBXFileReference; lastKnownFileType = "wrapper.plug-in"; path = mapapi.bundle; sourceTree = "<group>"; };
		90B4CB73179AB2DE001BD25C /* CoreData.framework */ = {isa = PBXFileReference; lastKnownFileType = wrapper.framework; name = CoreData.framework; path = System/Library/Frameworks/CoreData.framework; sourceTree = SDKROOT; };
		90B4CB75179ACD2A001BD25C /* NaviPopMenuView.h */ = {isa = PBXFileReference; fileEncoding = 4; lastKnownFileType = sourcecode.c.h; name = NaviPopMenuView.h; path = IHView/NaviPopMenuView.h; sourceTree = "<group>"; };
		90B4CB76179ACD2A001BD25C /* NaviPopMenuView.m */ = {isa = PBXFileReference; fileEncoding = 4; lastKnownFileType = sourcecode.c.objc; name = NaviPopMenuView.m; path = IHView/NaviPopMenuView.m; sourceTree = "<group>"; };
		D89276B1179A66600099C99A /* Reachability.h */ = {isa = PBXFileReference; fileEncoding = 4; lastKnownFileType = sourcecode.c.h; path = Reachability.h; sourceTree = "<group>"; };
		D89276B2179A66600099C99A /* Reachability.m */ = {isa = PBXFileReference; fileEncoding = 4; lastKnownFileType = sourcecode.c.objc; path = Reachability.m; sourceTree = "<group>"; };
		D89276B5179A66910099C99A /* ASIAuthenticationDialog.h */ = {isa = PBXFileReference; fileEncoding = 4; lastKnownFileType = sourcecode.c.h; path = ASIAuthenticationDialog.h; sourceTree = "<group>"; };
		D89276B6179A66910099C99A /* ASIAuthenticationDialog.m */ = {isa = PBXFileReference; fileEncoding = 4; lastKnownFileType = sourcecode.c.objc; path = ASIAuthenticationDialog.m; sourceTree = "<group>"; };
		D89276B7179A66910099C99A /* ASICacheDelegate.h */ = {isa = PBXFileReference; fileEncoding = 4; lastKnownFileType = sourcecode.c.h; path = ASICacheDelegate.h; sourceTree = "<group>"; };
		D89276B8179A66910099C99A /* ASIDataCompressor.h */ = {isa = PBXFileReference; fileEncoding = 4; lastKnownFileType = sourcecode.c.h; path = ASIDataCompressor.h; sourceTree = "<group>"; };
		D89276B9179A66910099C99A /* ASIDataCompressor.m */ = {isa = PBXFileReference; fileEncoding = 4; lastKnownFileType = sourcecode.c.objc; path = ASIDataCompressor.m; sourceTree = "<group>"; };
		D89276BA179A66910099C99A /* ASIDataDecompressor.h */ = {isa = PBXFileReference; fileEncoding = 4; lastKnownFileType = sourcecode.c.h; path = ASIDataDecompressor.h; sourceTree = "<group>"; };
		D89276BB179A66910099C99A /* ASIDataDecompressor.m */ = {isa = PBXFileReference; fileEncoding = 4; lastKnownFileType = sourcecode.c.objc; path = ASIDataDecompressor.m; sourceTree = "<group>"; };
		D89276BC179A66910099C99A /* ASIDownloadCache.h */ = {isa = PBXFileReference; fileEncoding = 4; lastKnownFileType = sourcecode.c.h; path = ASIDownloadCache.h; sourceTree = "<group>"; };
		D89276BD179A66910099C99A /* ASIDownloadCache.m */ = {isa = PBXFileReference; fileEncoding = 4; lastKnownFileType = sourcecode.c.objc; path = ASIDownloadCache.m; sourceTree = "<group>"; };
		D89276BE179A66910099C99A /* ASIFormDataRequest.h */ = {isa = PBXFileReference; fileEncoding = 4; lastKnownFileType = sourcecode.c.h; path = ASIFormDataRequest.h; sourceTree = "<group>"; };
		D89276BF179A66910099C99A /* ASIFormDataRequest.m */ = {isa = PBXFileReference; fileEncoding = 4; lastKnownFileType = sourcecode.c.objc; path = ASIFormDataRequest.m; sourceTree = "<group>"; };
		D89276C0179A66910099C99A /* ASIHTTPRequest.h */ = {isa = PBXFileReference; fileEncoding = 4; lastKnownFileType = sourcecode.c.h; path = ASIHTTPRequest.h; sourceTree = "<group>"; };
		D89276C1179A66910099C99A /* ASIHTTPRequest.m */ = {isa = PBXFileReference; fileEncoding = 4; lastKnownFileType = sourcecode.c.objc; path = ASIHTTPRequest.m; sourceTree = "<group>"; };
		D89276C2179A66910099C99A /* ASIHTTPRequestConfig.h */ = {isa = PBXFileReference; fileEncoding = 4; lastKnownFileType = sourcecode.c.h; path = ASIHTTPRequestConfig.h; sourceTree = "<group>"; };
		D89276C3179A66910099C99A /* ASIHTTPRequestDelegate.h */ = {isa = PBXFileReference; fileEncoding = 4; lastKnownFileType = sourcecode.c.h; path = ASIHTTPRequestDelegate.h; sourceTree = "<group>"; };
		D89276C4179A66910099C99A /* ASIInputStream.h */ = {isa = PBXFileReference; fileEncoding = 4; lastKnownFileType = sourcecode.c.h; path = ASIInputStream.h; sourceTree = "<group>"; };
		D89276C5179A66910099C99A /* ASIInputStream.m */ = {isa = PBXFileReference; fileEncoding = 4; lastKnownFileType = sourcecode.c.objc; path = ASIInputStream.m; sourceTree = "<group>"; };
		D89276C6179A66910099C99A /* ASINetworkQueue.h */ = {isa = PBXFileReference; fileEncoding = 4; lastKnownFileType = sourcecode.c.h; path = ASINetworkQueue.h; sourceTree = "<group>"; };
		D89276C7179A66910099C99A /* ASINetworkQueue.m */ = {isa = PBXFileReference; fileEncoding = 4; lastKnownFileType = sourcecode.c.objc; path = ASINetworkQueue.m; sourceTree = "<group>"; };
		D89276C8179A66910099C99A /* ASIProgressDelegate.h */ = {isa = PBXFileReference; fileEncoding = 4; lastKnownFileType = sourcecode.c.h; path = ASIProgressDelegate.h; sourceTree = "<group>"; };
		D89276CA179A66910099C99A /* ASIWebPageRequest.h */ = {isa = PBXFileReference; fileEncoding = 4; lastKnownFileType = sourcecode.c.h; path = ASIWebPageRequest.h; sourceTree = "<group>"; };
		D89276CB179A66910099C99A /* ASIWebPageRequest.m */ = {isa = PBXFileReference; fileEncoding = 4; lastKnownFileType = sourcecode.c.objc; path = ASIWebPageRequest.m; sourceTree = "<group>"; };
		D89276CD179A66910099C99A /* ASICloudFilesCDNRequest.h */ = {isa = PBXFileReference; fileEncoding = 4; lastKnownFileType = sourcecode.c.h; path = ASICloudFilesCDNRequest.h; sourceTree = "<group>"; };
		D89276CE179A66910099C99A /* ASICloudFilesCDNRequest.m */ = {isa = PBXFileReference; fileEncoding = 4; lastKnownFileType = sourcecode.c.objc; path = ASICloudFilesCDNRequest.m; sourceTree = "<group>"; };
		D89276CF179A66910099C99A /* ASICloudFilesContainer.h */ = {isa = PBXFileReference; fileEncoding = 4; lastKnownFileType = sourcecode.c.h; path = ASICloudFilesContainer.h; sourceTree = "<group>"; };
		D89276D0179A66910099C99A /* ASICloudFilesContainer.m */ = {isa = PBXFileReference; fileEncoding = 4; lastKnownFileType = sourcecode.c.objc; path = ASICloudFilesContainer.m; sourceTree = "<group>"; };
		D89276D1179A66910099C99A /* ASICloudFilesContainerRequest.h */ = {isa = PBXFileReference; fileEncoding = 4; lastKnownFileType = sourcecode.c.h; path = ASICloudFilesContainerRequest.h; sourceTree = "<group>"; };
		D89276D2179A66910099C99A /* ASICloudFilesContainerRequest.m */ = {isa = PBXFileReference; fileEncoding = 4; lastKnownFileType = sourcecode.c.objc; path = ASICloudFilesContainerRequest.m; sourceTree = "<group>"; };
		D89276D3179A66910099C99A /* ASICloudFilesContainerXMLParserDelegate.h */ = {isa = PBXFileReference; fileEncoding = 4; lastKnownFileType = sourcecode.c.h; path = ASICloudFilesContainerXMLParserDelegate.h; sourceTree = "<group>"; };
		D89276D4179A66910099C99A /* ASICloudFilesContainerXMLParserDelegate.m */ = {isa = PBXFileReference; fileEncoding = 4; lastKnownFileType = sourcecode.c.objc; path = ASICloudFilesContainerXMLParserDelegate.m; sourceTree = "<group>"; };
		D89276D5179A66910099C99A /* ASICloudFilesObject.h */ = {isa = PBXFileReference; fileEncoding = 4; lastKnownFileType = sourcecode.c.h; path = ASICloudFilesObject.h; sourceTree = "<group>"; };
		D89276D6179A66910099C99A /* ASICloudFilesObject.m */ = {isa = PBXFileReference; fileEncoding = 4; lastKnownFileType = sourcecode.c.objc; path = ASICloudFilesObject.m; sourceTree = "<group>"; };
		D89276D7179A66910099C99A /* ASICloudFilesObjectRequest.h */ = {isa = PBXFileReference; fileEncoding = 4; lastKnownFileType = sourcecode.c.h; path = ASICloudFilesObjectRequest.h; sourceTree = "<group>"; };
		D89276D8179A66910099C99A /* ASICloudFilesObjectRequest.m */ = {isa = PBXFileReference; fileEncoding = 4; lastKnownFileType = sourcecode.c.objc; path = ASICloudFilesObjectRequest.m; sourceTree = "<group>"; };
		D89276D9179A66910099C99A /* ASICloudFilesRequest.h */ = {isa = PBXFileReference; fileEncoding = 4; lastKnownFileType = sourcecode.c.h; path = ASICloudFilesRequest.h; sourceTree = "<group>"; };
		D89276DA179A66910099C99A /* ASICloudFilesRequest.m */ = {isa = PBXFileReference; fileEncoding = 4; lastKnownFileType = sourcecode.c.objc; path = ASICloudFilesRequest.m; sourceTree = "<group>"; };
		D89276DC179A66910099C99A /* ASINSXMLParserCompat.h */ = {isa = PBXFileReference; fileEncoding = 4; lastKnownFileType = sourcecode.c.h; path = ASINSXMLParserCompat.h; sourceTree = "<group>"; };
		D89276DD179A66910099C99A /* ASIS3Bucket.h */ = {isa = PBXFileReference; fileEncoding = 4; lastKnownFileType = sourcecode.c.h; path = ASIS3Bucket.h; sourceTree = "<group>"; };
		D89276DE179A66910099C99A /* ASIS3Bucket.m */ = {isa = PBXFileReference; fileEncoding = 4; lastKnownFileType = sourcecode.c.objc; path = ASIS3Bucket.m; sourceTree = "<group>"; };
		D89276DF179A66910099C99A /* ASIS3BucketObject.h */ = {isa = PBXFileReference; fileEncoding = 4; lastKnownFileType = sourcecode.c.h; path = ASIS3BucketObject.h; sourceTree = "<group>"; };
		D89276E0179A66910099C99A /* ASIS3BucketObject.m */ = {isa = PBXFileReference; fileEncoding = 4; lastKnownFileType = sourcecode.c.objc; path = ASIS3BucketObject.m; sourceTree = "<group>"; };
		D89276E1179A66910099C99A /* ASIS3BucketRequest.h */ = {isa = PBXFileReference; fileEncoding = 4; lastKnownFileType = sourcecode.c.h; path = ASIS3BucketRequest.h; sourceTree = "<group>"; };
		D89276E2179A66910099C99A /* ASIS3BucketRequest.m */ = {isa = PBXFileReference; fileEncoding = 4; lastKnownFileType = sourcecode.c.objc; path = ASIS3BucketRequest.m; sourceTree = "<group>"; };
		D89276E3179A66910099C99A /* ASIS3ObjectRequest.h */ = {isa = PBXFileReference; fileEncoding = 4; lastKnownFileType = sourcecode.c.h; path = ASIS3ObjectRequest.h; sourceTree = "<group>"; };
		D89276E4179A66910099C99A /* ASIS3ObjectRequest.m */ = {isa = PBXFileReference; fileEncoding = 4; lastKnownFileType = sourcecode.c.objc; path = ASIS3ObjectRequest.m; sourceTree = "<group>"; };
		D89276E5179A66910099C99A /* ASIS3Request.h */ = {isa = PBXFileReference; fileEncoding = 4; lastKnownFileType = sourcecode.c.h; path = ASIS3Request.h; sourceTree = "<group>"; };
		D89276E6179A66910099C99A /* ASIS3Request.m */ = {isa = PBXFileReference; fileEncoding = 4; lastKnownFileType = sourcecode.c.objc; path = ASIS3Request.m; sourceTree = "<group>"; };
		D89276E7179A66910099C99A /* ASIS3ServiceRequest.h */ = {isa = PBXFileReference; fileEncoding = 4; lastKnownFileType = sourcecode.c.h; path = ASIS3ServiceRequest.h; sourceTree = "<group>"; };
		D89276E8179A66910099C99A /* ASIS3ServiceRequest.m */ = {isa = PBXFileReference; fileEncoding = 4; lastKnownFileType = sourcecode.c.objc; path = ASIS3ServiceRequest.m; sourceTree = "<group>"; };
		D892772C179A66F30099C99A /* CFNetwork.framework */ = {isa = PBXFileReference; lastKnownFileType = wrapper.framework; name = CFNetwork.framework; path = System/Library/Frameworks/CFNetwork.framework; sourceTree = SDKROOT; };
		D892772E179A67000099C99A /* MobileCoreServices.framework */ = {isa = PBXFileReference; lastKnownFileType = wrapper.framework; name = MobileCoreServices.framework; path = System/Library/Frameworks/MobileCoreServices.framework; sourceTree = SDKROOT; };
		D8927730179A67080099C99A /* SystemConfiguration.framework */ = {isa = PBXFileReference; lastKnownFileType = wrapper.framework; name = SystemConfiguration.framework; path = System/Library/Frameworks/SystemConfiguration.framework; sourceTree = SDKROOT; };
		D8927732179A671C0099C99A /* libxml2.dylib */ = {isa = PBXFileReference; lastKnownFileType = "compiled.mach-o.dylib"; name = libxml2.dylib; path = usr/lib/libxml2.dylib; sourceTree = SDKROOT; };
		D8927734179A67230099C99A /* libz.dylib */ = {isa = PBXFileReference; lastKnownFileType = "compiled.mach-o.dylib"; name = libz.dylib; path = usr/lib/libz.dylib; sourceTree = SDKROOT; };
		D892773A179A6BB00099C99A /* IHActionTableViewCell.h */ = {isa = PBXFileReference; fileEncoding = 4; lastKnownFileType = sourcecode.c.h; name = IHActionTableViewCell.h; path = IHView/IHActionTableViewCell.h; sourceTree = "<group>"; };
		D892773B179A6BB00099C99A /* IHActionTableViewCell.m */ = {isa = PBXFileReference; fileEncoding = 4; lastKnownFileType = sourcecode.c.objc; name = IHActionTableViewCell.m; path = IHView/IHActionTableViewCell.m; sourceTree = "<group>"; };
		D892773D179A6C240099C99A /* IHAction.h */ = {isa = PBXFileReference; fileEncoding = 4; lastKnownFileType = sourcecode.c.h; name = IHAction.h; path = myModel/IHAction.h; sourceTree = "<group>"; };
		D892773E179A6C240099C99A /* IHAction.m */ = {isa = PBXFileReference; fileEncoding = 4; lastKnownFileType = sourcecode.c.objc; name = IHAction.m; path = myModel/IHAction.m; sourceTree = "<group>"; };
		D8927743179A714C0099C99A /* 00151816.jpg */ = {isa = PBXFileReference; lastKnownFileType = image.jpeg; path = 00151816.jpg; sourceTree = "<group>"; };
		D8927745179A776F0099C99A /* 20115201212718777801.jpg */ = {isa = PBXFileReference; lastKnownFileType = image.jpeg; path = 20115201212718777801.jpg; sourceTree = "<group>"; };
		D89277B2179AA5B60099C99A /* IHUser.h */ = {isa = PBXFileReference; fileEncoding = 4; lastKnownFileType = sourcecode.c.h; name = IHUser.h; path = myModel/IHUser.h; sourceTree = "<group>"; };
		D89277B3179AA5B60099C99A /* IHUser.m */ = {isa = PBXFileReference; fileEncoding = 4; lastKnownFileType = sourcecode.c.objc; name = IHUser.m; path = myModel/IHUser.m; sourceTree = "<group>"; };
		D89277B5179AA5CE0099C99A /* IHActionType.h */ = {isa = PBXFileReference; fileEncoding = 4; lastKnownFileType = sourcecode.c.h; name = IHActionType.h; path = myModel/IHActionType.h; sourceTree = "<group>"; };
		D89277B6179AA5CE0099C99A /* IHActionType.m */ = {isa = PBXFileReference; fileEncoding = 4; lastKnownFileType = sourcecode.c.objc; name = IHActionType.m; path = myModel/IHActionType.m; sourceTree = "<group>"; };
		D89277B8179AC7EB0099C99A /* actionCreateViewController.h */ = {isa = PBXFileReference; fileEncoding = 4; lastKnownFileType = sourcecode.c.h; path = actionCreateViewController.h; sourceTree = "<group>"; };
		D89277B9179AC7EB0099C99A /* actionCreateViewController.m */ = {isa = PBXFileReference; fileEncoding = 4; lastKnownFileType = sourcecode.c.objc; path = actionCreateViewController.m; sourceTree = "<group>"; };
		D89277BD179AD60E0099C99A /* MediaPlayer.framework */ = {isa = PBXFileReference; lastKnownFileType = wrapper.framework; name = MediaPlayer.framework; path = System/Library/Frameworks/MediaPlayer.framework; sourceTree = SDKROOT; };
		D89277BF179AE4880099C99A /* actionTableViewController.h */ = {isa = PBXFileReference; fileEncoding = 4; lastKnownFileType = sourcecode.c.h; path = actionTableViewController.h; sourceTree = "<group>"; };
		D89277C0179AE4890099C99A /* actionTableViewController.m */ = {isa = PBXFileReference; fileEncoding = 4; lastKnownFileType = sourcecode.c.objc; path = actionTableViewController.m; sourceTree = "<group>"; };
		D89277C2179AFFF90099C99A /* IHMovieImageBtn.h */ = {isa = PBXFileReference; fileEncoding = 4; lastKnownFileType = sourcecode.c.h; name = IHMovieImageBtn.h; path = IHView/IHMovieImageBtn.h; sourceTree = "<group>"; };
		D89277C3179AFFFA0099C99A /* IHMovieImageBtn.m */ = {isa = PBXFileReference; fileEncoding = 4; lastKnownFileType = sourcecode.c.objc; name = IHMovieImageBtn.m; path = IHView/IHMovieImageBtn.m; sourceTree = "<group>"; };
		D89277C5179B001C0099C99A /* IHMovie.h */ = {isa = PBXFileReference; fileEncoding = 4; lastKnownFileType = sourcecode.c.h; name = IHMovie.h; path = myModel/IHMovie.h; sourceTree = "<group>"; };
		D89277C6179B001C0099C99A /* IHMovie.m */ = {isa = PBXFileReference; fileEncoding = 4; lastKnownFileType = sourcecode.c.objc; name = IHMovie.m; path = myModel/IHMovie.m; sourceTree = "<group>"; };
/* End PBXFileReference section */

/* Begin PBXFrameworksBuildPhase section */
		907B0F4A179A4287009EE2D9 /* Frameworks */ = {
			isa = PBXFrameworksBuildPhase;
			buildActionMask = 2147483647;
			files = (
				90B4CB74179AB2DE001BD25C /* CoreData.framework in Frameworks */,
				D89277BE179AD60F0099C99A /* MediaPlayer.framework in Frameworks */,
				4CF4D418179A8ABE003118C6 /* CoreLocation.framework in Frameworks */,
				907B0F55179A4287009EE2D9 /* CoreGraphics.framework in Frameworks */,
				4CF4D416179A8A9A003118C6 /* OpenGLES.framework in Frameworks */,
				D8927731179A67080099C99A /* SystemConfiguration.framework in Frameworks */,
				4CF4D414179A8A8C003118C6 /* QuartzCore.framework in Frameworks */,
				D8927735179A67230099C99A /* libz.dylib in Frameworks */,
				D8927733179A671C0099C99A /* libxml2.dylib in Frameworks */,
				907B0F51179A4287009EE2D9 /* UIKit.framework in Frameworks */,
				D892772F179A67000099C99A /* MobileCoreServices.framework in Frameworks */,
				D892772D179A66F30099C99A /* CFNetwork.framework in Frameworks */,
				907B0F53179A4287009EE2D9 /* Foundation.framework in Frameworks */,
				90B4CB70179A9CE1001BD25C /* iphone.a in Frameworks */,
			);
			runOnlyForDeploymentPostprocessing = 0;
		};
/* End PBXFrameworksBuildPhase section */

/* Begin PBXGroup section */
		4CF4D3E8179A8808003118C6 /* baiduMap */ = {
			isa = PBXGroup;
			children = (
				4CF4D407179A8843003118C6 /* libs */,
				4CF4D3E9179A8833003118C6 /* inc */,
			);
			name = baiduMap;
			sourceTree = "<group>";
		};
		4CF4D3E9179A8833003118C6 /* inc */ = {
			isa = PBXGroup;
			children = (
				4CF4D3EA179A8833003118C6 /* BMapKit.h */,
				4CF4D3EB179A8833003118C6 /* BMKAnnotation.h */,
				4CF4D3EC179A8833003118C6 /* BMKAnnotationView.h */,
				4CF4D3ED179A8833003118C6 /* BMKCircle.h */,
				4CF4D3EE179A8833003118C6 /* BMKCircleView.h */,
				4CF4D3EF179A8833003118C6 /* BMKGeneralDelegate.h */,
				4CF4D3F0179A8833003118C6 /* BMKGeocodeType.h */,
				4CF4D3F1179A8833003118C6 /* BMKGeometry.h */,
				4CF4D3F2179A8833003118C6 /* BMKMapManager.h */,
				4CF4D3F3179A8833003118C6 /* BMKMapView.h */,
				4CF4D3F4179A8833003118C6 /* BMKMultiPoint.h */,
				4CF4D3F5179A8833003118C6 /* BMKOfflineMap.h */,
				4CF4D3F6179A8833003118C6 /* BMKOfflineMapType.h */,
				4CF4D3F7179A8833003118C6 /* BMKOverlay.h */,
				4CF4D3F8179A8833003118C6 /* BMKOverlayPathView.h */,
				4CF4D3F9179A8833003118C6 /* BMKOverlayView.h */,
				4CF4D3FA179A8833003118C6 /* BMKPinAnnotationView.h */,
				4CF4D3FB179A8833003118C6 /* BMKPointAnnotation.h */,
				4CF4D3FC179A8833003118C6 /* BMKPoiSearchType.h */,
				4CF4D3FD179A8833003118C6 /* BMKPolygon.h */,
				4CF4D3FE179A8833003118C6 /* BMKPolygonView.h */,
				4CF4D3FF179A8833003118C6 /* BMKPolyline.h */,
				4CF4D400179A8833003118C6 /* BMKPolylineView.h */,
				4CF4D401179A8833003118C6 /* BMKRouteSearchType.h */,
				4CF4D402179A8833003118C6 /* BMKSearch.h */,
				4CF4D403179A8833003118C6 /* BMKShape.h */,
				4CF4D404179A8833003118C6 /* BMKTypes.h */,
				4CF4D405179A8833003118C6 /* BMKUserLocation.h */,
				4CF4D406179A8833003118C6 /* BMKVersion.h */,
			);
			path = inc;
			sourceTree = "<group>";
		};
		4CF4D407179A8843003118C6 /* libs */ = {
			isa = PBXGroup;
			children = (
				90B4CB6F179A9CE1001BD25C /* iphone.a */,
			);
			path = libs;
			sourceTree = "<group>";
		};
		9046D009179AFF5D009460FC /* service */ = {
			isa = PBXGroup;
			children = (
				9046D00A179AFFA2009460FC /* SystemManager.h */,
				9046D00B179AFFA2009460FC /* SystemManager.m */,
			);
			path = service;
			sourceTree = "<group>";
		};
		907B0F44179A4287009EE2D9 = {
			isa = PBXGroup;
			children = (
				D89277BD179AD60E0099C99A /* MediaPlayer.framework */,
				4CF4D417179A8ABE003118C6 /* CoreLocation.framework */,
				4CF4D415179A8A9A003118C6 /* OpenGLES.framework */,
				4CF4D413179A8A8C003118C6 /* QuartzCore.framework */,
				907B0F56179A4287009EE2D9 /* hack */,
				907B0F4F179A4287009EE2D9 /* Frameworks */,
				907B0F4E179A4287009EE2D9 /* Products */,
			);
			sourceTree = "<group>";
		};
		907B0F4E179A4287009EE2D9 /* Products */ = {
			isa = PBXGroup;
			children = (
				907B0F4D179A4287009EE2D9 /* hack.app */,
			);
			name = Products;
			sourceTree = "<group>";
		};
		907B0F4F179A4287009EE2D9 /* Frameworks */ = {
			isa = PBXGroup;
			children = (
				90B4CB73179AB2DE001BD25C /* CoreData.framework */,
				4CF4D417179A8ABE003118C6 /* CoreLocation.framework */,
				4CF4D415179A8A9A003118C6 /* OpenGLES.framework */,
				4CF4D413179A8A8C003118C6 /* QuartzCore.framework */,
				D8927734179A67230099C99A /* libz.dylib */,
				D8927732179A671C0099C99A /* libxml2.dylib */,
				D8927730179A67080099C99A /* SystemConfiguration.framework */,
				D892772E179A67000099C99A /* MobileCoreServices.framework */,
				D892772C179A66F30099C99A /* CFNetwork.framework */,
				907B0F50179A4287009EE2D9 /* UIKit.framework */,
				907B0F52179A4287009EE2D9 /* Foundation.framework */,
				907B0F54179A4287009EE2D9 /* CoreGraphics.framework */,
			);
			name = Frameworks;
			sourceTree = "<group>";
		};
		907B0F56179A4287009EE2D9 /* hack */ = {
			isa = PBXGroup;
			children = (
				9046D009179AFF5D009460FC /* service */,
				90B4CB71179AA036001BD25C /* mapapi.bundle */,
				4CF4D3E8179A8808003118C6 /* baiduMap */,
				D8927741179A71170099C99A /* images */,
				D8927742179A71170099C99A /* myViewController */,
				D8927740179A6C2A0099C99A /* myModel */,
				D8927739179A6B500099C99A /* myView */,
				D89276B4179A66910099C99A /* ASIHttpRequest */,
				D89276B0179A66600099C99A /* Reachability */,
				907B0F5F179A4287009EE2D9 /* AppDelegate.h */,
				9046D00D179B005A009460FC /* SynthesizeSingleton.h */,
				907B0F60179A4287009EE2D9 /* AppDelegate.mm */,
				907B0F68179A4287009EE2D9 /* ViewController.h */,
				907B0F69179A4287009EE2D9 /* ViewController.m */,
				907B0F6B179A4287009EE2D9 /* ViewController.xib */,
				907B0F57179A4287009EE2D9 /* Supporting Files */,
			);
			path = hack;
			sourceTree = "<group>";
		};
		907B0F57179A4287009EE2D9 /* Supporting Files */ = {
			isa = PBXGroup;
			children = (
				907B0F58179A4287009EE2D9 /* hack-Info.plist */,
				907B0F59179A4287009EE2D9 /* InfoPlist.strings */,
				907B0F5C179A4287009EE2D9 /* main.m */,
				907B0F5E179A4287009EE2D9 /* hack-Prefix.pch */,
				907B0F62179A4287009EE2D9 /* Default.png */,
				907B0F64179A4287009EE2D9 /* Default@2x.png */,
				907B0F66179A4287009EE2D9 /* Default-568h@2x.png */,
			);
			name = "Supporting Files";
			sourceTree = "<group>";
		};
		907B0F84179A7557009EE2D9 /* ZUUIRevealController */ = {
			isa = PBXGroup;
			children = (
				907B0F85179A7557009EE2D9 /* FrontViewController.h */,
				907B0F86179A7557009EE2D9 /* FrontViewController.m */,
				907B0F87179A7557009EE2D9 /* RevealViewController.h */,
				907B0F88179A7557009EE2D9 /* RevealViewController.m */,
				907B0F89179A7557009EE2D9 /* ZUUIRevealController.h */,
				907B0F8A179A7557009EE2D9 /* ZUUIRevealController.m */,
				907B0F8E179A7573009EE2D9 /* LeftViewController.h */,
				907B0F8F179A7573009EE2D9 /* LeftViewController.m */,
			);
			path = ZUUIRevealController;
			sourceTree = "<group>";
		};
		D89276B0179A66600099C99A /* Reachability */ = {
			isa = PBXGroup;
			children = (
				D89276B1179A66600099C99A /* Reachability.h */,
				D89276B2179A66600099C99A /* Reachability.m */,
			);
			path = Reachability;
			sourceTree = "<group>";
		};
		D89276B4179A66910099C99A /* ASIHttpRequest */ = {
			isa = PBXGroup;
			children = (
				D89276B5179A66910099C99A /* ASIAuthenticationDialog.h */,
				D89276B6179A66910099C99A /* ASIAuthenticationDialog.m */,
				D89276B7179A66910099C99A /* ASICacheDelegate.h */,
				D89276B8179A66910099C99A /* ASIDataCompressor.h */,
				D89276B9179A66910099C99A /* ASIDataCompressor.m */,
				D89276BA179A66910099C99A /* ASIDataDecompressor.h */,
				D89276BB179A66910099C99A /* ASIDataDecompressor.m */,
				D89276BC179A66910099C99A /* ASIDownloadCache.h */,
				D89276BD179A66910099C99A /* ASIDownloadCache.m */,
				D89276BE179A66910099C99A /* ASIFormDataRequest.h */,
				D89276BF179A66910099C99A /* ASIFormDataRequest.m */,
				D89276C0179A66910099C99A /* ASIHTTPRequest.h */,
				D89276C1179A66910099C99A /* ASIHTTPRequest.m */,
				D89276C2179A66910099C99A /* ASIHTTPRequestConfig.h */,
				D89276C3179A66910099C99A /* ASIHTTPRequestDelegate.h */,
				D89276C4179A66910099C99A /* ASIInputStream.h */,
				D89276C5179A66910099C99A /* ASIInputStream.m */,
				D89276C6179A66910099C99A /* ASINetworkQueue.h */,
				D89276C7179A66910099C99A /* ASINetworkQueue.m */,
				D89276C8179A66910099C99A /* ASIProgressDelegate.h */,
				D89276C9179A66910099C99A /* ASIWebPageRequest */,
				D89276CC179A66910099C99A /* CloudFiles */,
				D89276DB179A66910099C99A /* S3 */,
			);
			path = ASIHttpRequest;
			sourceTree = "<group>";
		};
		D89276C9179A66910099C99A /* ASIWebPageRequest */ = {
			isa = PBXGroup;
			children = (
				D89276CA179A66910099C99A /* ASIWebPageRequest.h */,
				D89276CB179A66910099C99A /* ASIWebPageRequest.m */,
			);
			path = ASIWebPageRequest;
			sourceTree = "<group>";
		};
		D89276CC179A66910099C99A /* CloudFiles */ = {
			isa = PBXGroup;
			children = (
				D89276CD179A66910099C99A /* ASICloudFilesCDNRequest.h */,
				D89276CE179A66910099C99A /* ASICloudFilesCDNRequest.m */,
				D89276CF179A66910099C99A /* ASICloudFilesContainer.h */,
				D89276D0179A66910099C99A /* ASICloudFilesContainer.m */,
				D89276D1179A66910099C99A /* ASICloudFilesContainerRequest.h */,
				D89276D2179A66910099C99A /* ASICloudFilesContainerRequest.m */,
				D89276D3179A66910099C99A /* ASICloudFilesContainerXMLParserDelegate.h */,
				D89276D4179A66910099C99A /* ASICloudFilesContainerXMLParserDelegate.m */,
				D89276D5179A66910099C99A /* ASICloudFilesObject.h */,
				D89276D6179A66910099C99A /* ASICloudFilesObject.m */,
				D89276D7179A66910099C99A /* ASICloudFilesObjectRequest.h */,
				D89276D8179A66910099C99A /* ASICloudFilesObjectRequest.m */,
				D89276D9179A66910099C99A /* ASICloudFilesRequest.h */,
				D89276DA179A66910099C99A /* ASICloudFilesRequest.m */,
			);
			path = CloudFiles;
			sourceTree = "<group>";
		};
		D89276DB179A66910099C99A /* S3 */ = {
			isa = PBXGroup;
			children = (
				D89276DC179A66910099C99A /* ASINSXMLParserCompat.h */,
				D89276DD179A66910099C99A /* ASIS3Bucket.h */,
				D89276DE179A66910099C99A /* ASIS3Bucket.m */,
				D89276DF179A66910099C99A /* ASIS3BucketObject.h */,
				D89276E0179A66910099C99A /* ASIS3BucketObject.m */,
				D89276E1179A66910099C99A /* ASIS3BucketRequest.h */,
				D89276E2179A66910099C99A /* ASIS3BucketRequest.m */,
				D89276E3179A66910099C99A /* ASIS3ObjectRequest.h */,
				D89276E4179A66910099C99A /* ASIS3ObjectRequest.m */,
				D89276E5179A66910099C99A /* ASIS3Request.h */,
				D89276E6179A66910099C99A /* ASIS3Request.m */,
				D89276E7179A66910099C99A /* ASIS3ServiceRequest.h */,
				D89276E8179A66910099C99A /* ASIS3ServiceRequest.m */,
			);
			path = S3;
			sourceTree = "<group>";
		};
		D8927739179A6B500099C99A /* myView */ = {
			isa = PBXGroup;
			children = (
				D892773A179A6BB00099C99A /* IHActionTableViewCell.h */,
				D892773B179A6BB00099C99A /* IHActionTableViewCell.m */,
				90B4CB75179ACD2A001BD25C /* NaviPopMenuView.h */,
				90B4CB76179ACD2A001BD25C /* NaviPopMenuView.m */,
				D89277C2179AFFF90099C99A /* IHMovieImageBtn.h */,
				D89277C3179AFFFA0099C99A /* IHMovieImageBtn.m */,
			);
			name = myView;
			sourceTree = "<group>";
		};
		D8927740179A6C2A0099C99A /* myModel */ = {
			isa = PBXGroup;
			children = (
				D892773D179A6C240099C99A /* IHAction.h */,
				D892773E179A6C240099C99A /* IHAction.m */,
				D89277B2179AA5B60099C99A /* IHUser.h */,
				D89277B3179AA5B60099C99A /* IHUser.m */,
				D89277B5179AA5CE0099C99A /* IHActionType.h */,
				D89277B6179AA5CE0099C99A /* IHActionType.m */,
				D89277C5179B001C0099C99A /* IHMovie.h */,
				D89277C6179B001C0099C99A /* IHMovie.m */,
			);
			name = myModel;
			sourceTree = "<group>";
		};
		D8927741179A71170099C99A /* images */ = {
			isa = PBXGroup;
			children = (
				D8927745179A776F0099C99A /* 20115201212718777801.jpg */,
				D8927743179A714C0099C99A /* 00151816.jpg */,
			);
			path = images;
			sourceTree = "<group>";
		};
		D8927742179A71170099C99A /* myViewController */ = {
			isa = PBXGroup;
			children = (
				907B0F84179A7557009EE2D9 /* ZUUIRevealController */,
				4CF4D40E179A8888003118C6 /* locationViewController.h */,
				4CF4D40F179A8888003118C6 /* locationViewController.mm */,
				4CF4D410179A8888003118C6 /* locationViewController.xib */,
				4CF4D419179ACF63003118C6 /* detailViewController.h */,
				4CF4D41A179ACF63003118C6 /* detailViewController.m */,
				4CF4D41B179ACF63003118C6 /* detailViewController.xib */,
				D89277B8179AC7EB0099C99A /* actionCreateViewController.h */,
				D89277B9179AC7EB0099C99A /* actionCreateViewController.m */,
				D89277BF179AE4880099C99A /* actionTableViewController.h */,
				D89277C0179AE4890099C99A /* actionTableViewController.m */,
			);
			path = myViewController;
			sourceTree = "<group>";
		};
/* End PBXGroup section */

/* Begin PBXNativeTarget section */
		907B0F4C179A4287009EE2D9 /* hack */ = {
			isa = PBXNativeTarget;
			buildConfigurationList = 907B0F70179A4287009EE2D9 /* Build configuration list for PBXNativeTarget "hack" */;
			buildPhases = (
				907B0F49179A4287009EE2D9 /* Sources */,
				907B0F4A179A4287009EE2D9 /* Frameworks */,
				907B0F4B179A4287009EE2D9 /* Resources */,
			);
			buildRules = (
			);
			dependencies = (
			);
			name = hack;
			productName = hack;
			productReference = 907B0F4D179A4287009EE2D9 /* hack.app */;
			productType = "com.apple.product-type.application";
		};
/* End PBXNativeTarget section */

/* Begin PBXProject section */
		907B0F45179A4287009EE2D9 /* Project object */ = {
			isa = PBXProject;
			attributes = {
				LastUpgradeCheck = 0460;
				ORGANIZATIONNAME = ZhaoyangSu;
			};
			buildConfigurationList = 907B0F48179A4287009EE2D9 /* Build configuration list for PBXProject "hack" */;
			compatibilityVersion = "Xcode 3.2";
			developmentRegion = English;
			hasScannedForEncodings = 0;
			knownRegions = (
				en,
			);
			mainGroup = 907B0F44179A4287009EE2D9;
			productRefGroup = 907B0F4E179A4287009EE2D9 /* Products */;
			projectDirPath = "";
			projectRoot = "";
			targets = (
				907B0F4C179A4287009EE2D9 /* hack */,
			);
		};
/* End PBXProject section */

/* Begin PBXResourcesBuildPhase section */
		907B0F4B179A4287009EE2D9 /* Resources */ = {
			isa = PBXResourcesBuildPhase;
			buildActionMask = 2147483647;
			files = (
				907B0F5B179A4287009EE2D9 /* InfoPlist.strings in Resources */,
				907B0F63179A4287009EE2D9 /* Default.png in Resources */,
				907B0F65179A4287009EE2D9 /* Default@2x.png in Resources */,
				907B0F67179A4287009EE2D9 /* Default-568h@2x.png in Resources */,
				907B0F6D179A4287009EE2D9 /* ViewController.xib in Resources */,
				D8927744179A714C0099C99A /* 00151816.jpg in Resources */,
				D8927746179A776F0099C99A /* 20115201212718777801.jpg in Resources */,
				4CF4D412179A8888003118C6 /* locationViewController.xib in Resources */,
				90B4CB72179AA036001BD25C /* mapapi.bundle in Resources */,
				4CF4D41D179ACF63003118C6 /* detailViewController.xib in Resources */,
			);
			runOnlyForDeploymentPostprocessing = 0;
		};
/* End PBXResourcesBuildPhase section */

/* Begin PBXSourcesBuildPhase section */
		907B0F49179A4287009EE2D9 /* Sources */ = {
			isa = PBXSourcesBuildPhase;
			buildActionMask = 2147483647;
			files = (
				907B0F5D179A4287009EE2D9 /* main.m in Sources */,
				907B0F61179A4287009EE2D9 /* AppDelegate.mm in Sources */,
				907B0F6A179A4287009EE2D9 /* ViewController.m in Sources */,
				D89276B3179A66600099C99A /* Reachability.m in Sources */,
				D8927707179A66910099C99A /* ASIAuthenticationDialog.m in Sources */,
				D8927708179A66910099C99A /* ASIDataCompressor.m in Sources */,
				D8927709179A66910099C99A /* ASIDataDecompressor.m in Sources */,
				D892770A179A66910099C99A /* ASIDownloadCache.m in Sources */,
				D892770B179A66910099C99A /* ASIFormDataRequest.m in Sources */,
				D892770C179A66910099C99A /* ASIHTTPRequest.m in Sources */,
				D892770D179A66910099C99A /* ASIInputStream.m in Sources */,
				D892770E179A66910099C99A /* ASINetworkQueue.m in Sources */,
				D892770F179A66910099C99A /* ASIWebPageRequest.m in Sources */,
				D8927710179A66910099C99A /* ASICloudFilesCDNRequest.m in Sources */,
				D8927711179A66910099C99A /* ASICloudFilesContainer.m in Sources */,
				D8927712179A66910099C99A /* ASICloudFilesContainerRequest.m in Sources */,
				D8927713179A66910099C99A /* ASICloudFilesContainerXMLParserDelegate.m in Sources */,
				D8927714179A66910099C99A /* ASICloudFilesObject.m in Sources */,
				D8927715179A66910099C99A /* ASICloudFilesObjectRequest.m in Sources */,
				D8927716179A66910099C99A /* ASICloudFilesRequest.m in Sources */,
				D8927717179A66910099C99A /* ASIS3Bucket.m in Sources */,
				D8927718179A66910099C99A /* ASIS3BucketObject.m in Sources */,
				D8927719179A66910099C99A /* ASIS3BucketRequest.m in Sources */,
				D892771A179A66910099C99A /* ASIS3ObjectRequest.m in Sources */,
				D892771B179A66910099C99A /* ASIS3Request.m in Sources */,
				D892771C179A66910099C99A /* ASIS3ServiceRequest.m in Sources */,
				D892773C179A6BB00099C99A /* IHActionTableViewCell.m in Sources */,
				D892773F179A6C240099C99A /* IHAction.m in Sources */,
				907B0F8B179A7557009EE2D9 /* FrontViewController.m in Sources */,
				907B0F8C179A7557009EE2D9 /* RevealViewController.m in Sources */,
				907B0F8D179A7557009EE2D9 /* ZUUIRevealController.m in Sources */,
				907B0F90179A7573009EE2D9 /* LeftViewController.m in Sources */,
				4CF4D411179A8888003118C6 /* locationViewController.mm in Sources */,
				D89277B4179AA5B60099C99A /* IHUser.m in Sources */,
				D89277B7179AA5CE0099C99A /* IHActionType.m in Sources */,
				4CF4D41C179ACF63003118C6 /* detailViewController.m in Sources */,
				90B4CB77179ACD2A001BD25C /* NaviPopMenuView.m in Sources */,
				D89277BA179AC7EC0099C99A /* actionCreateViewController.m in Sources */,
				D89277C1179AE4890099C99A /* actionTableViewController.m in Sources */,
				D89277C4179AFFFB0099C99A /* IHMovieImageBtn.m in Sources */,
				D89277C7179B001C0099C99A /* IHMovie.m in Sources */,
				9046D00C179AFFA2009460FC /* SystemManager.m in Sources */,
			);
			runOnlyForDeploymentPostprocessing = 0;
		};
/* End PBXSourcesBuildPhase section */

/* Begin PBXVariantGroup section */
		907B0F59179A4287009EE2D9 /* InfoPlist.strings */ = {
			isa = PBXVariantGroup;
			children = (
				907B0F5A179A4287009EE2D9 /* en */,
			);
			name = InfoPlist.strings;
			sourceTree = "<group>";
		};
		907B0F6B179A4287009EE2D9 /* ViewController.xib */ = {
			isa = PBXVariantGroup;
			children = (
				907B0F6C179A4287009EE2D9 /* en */,
			);
			name = ViewController.xib;
			sourceTree = "<group>";
		};
/* End PBXVariantGroup section */

/* Begin XCBuildConfiguration section */
		907B0F6E179A4287009EE2D9 /* Debug */ = {
			isa = XCBuildConfiguration;
			buildSettings = {
				ALWAYS_SEARCH_USER_PATHS = NO;
				CLANG_CXX_LANGUAGE_STANDARD = "gnu++0x";
				CLANG_CXX_LIBRARY = "libc++";
				CLANG_ENABLE_OBJC_ARC = YES;
				CLANG_WARN_CONSTANT_CONVERSION = YES;
				CLANG_WARN_EMPTY_BODY = YES;
				CLANG_WARN_ENUM_CONVERSION = YES;
				CLANG_WARN_INT_CONVERSION = YES;
				CLANG_WARN__DUPLICATE_METHOD_MATCH = YES;
				"CODE_SIGN_IDENTITY[sdk=iphoneos*]" = "iPhone Developer";
				COPY_PHASE_STRIP = NO;
				GCC_C_LANGUAGE_STANDARD = gnu99;
				GCC_DYNAMIC_NO_PIC = NO;
				GCC_OPTIMIZATION_LEVEL = 0;
				GCC_PREPROCESSOR_DEFINITIONS = (
					"DEBUG=1",
					"$(inherited)",
				);
				GCC_SYMBOLS_PRIVATE_EXTERN = NO;
				GCC_WARN_ABOUT_RETURN_TYPE = YES;
				GCC_WARN_UNINITIALIZED_AUTOS = YES;
				GCC_WARN_UNUSED_VARIABLE = YES;
				IPHONEOS_DEPLOYMENT_TARGET = 6.1;
				ONLY_ACTIVE_ARCH = YES;
				SDKROOT = iphoneos;
			};
			name = Debug;
		};
		907B0F6F179A4287009EE2D9 /* Release */ = {
			isa = XCBuildConfiguration;
			buildSettings = {
				ALWAYS_SEARCH_USER_PATHS = NO;
				CLANG_CXX_LANGUAGE_STANDARD = "gnu++0x";
				CLANG_CXX_LIBRARY = "libc++";
				CLANG_ENABLE_OBJC_ARC = YES;
				CLANG_WARN_CONSTANT_CONVERSION = YES;
				CLANG_WARN_EMPTY_BODY = YES;
				CLANG_WARN_ENUM_CONVERSION = YES;
				CLANG_WARN_INT_CONVERSION = YES;
				CLANG_WARN__DUPLICATE_METHOD_MATCH = YES;
				"CODE_SIGN_IDENTITY[sdk=iphoneos*]" = "iPhone Developer";
				COPY_PHASE_STRIP = YES;
				GCC_C_LANGUAGE_STANDARD = gnu99;
				GCC_WARN_ABOUT_RETURN_TYPE = YES;
				GCC_WARN_UNINITIALIZED_AUTOS = YES;
				GCC_WARN_UNUSED_VARIABLE = YES;
				IPHONEOS_DEPLOYMENT_TARGET = 6.1;
				OTHER_CFLAGS = "-DNS_BLOCK_ASSERTIONS=1";
				SDKROOT = iphoneos;
				VALIDATE_PRODUCT = YES;
			};
			name = Release;
		};
		907B0F71179A4287009EE2D9 /* Debug */ = {
			isa = XCBuildConfiguration;
			buildSettings = {
				GCC_PRECOMPILE_PREFIX_HEADER = YES;
				GCC_PREFIX_HEADER = "hack/hack-Prefix.pch";
				HEADER_SEARCH_PATHS = "${SDK_DIR}/usr/include/libxml2";
				INFOPLIST_FILE = "hack/hack-Info.plist";
				IPHONEOS_DEPLOYMENT_TARGET = 5.0;
				LIBRARY_SEARCH_PATHS = (
					"$(inherited)",
					"\"$(SRCROOT)/hack/libs/Release-iphoneos\"",
					"\"$(SRCROOT)/hack/libs/Release-iphonesimulator\"",
					"\"$(SRCROOT)/hack/libs\"",
				);
				OTHER_LDFLAGS = "-ObjC";
				PRODUCT_NAME = "$(TARGET_NAME)";
				TARGETED_DEVICE_FAMILY = 1;
				WRAPPER_EXTENSION = app;
			};
			name = Debug;
		};
		907B0F72179A4287009EE2D9 /* Release */ = {
			isa = XCBuildConfiguration;
			buildSettings = {
				GCC_PRECOMPILE_PREFIX_HEADER = YES;
				GCC_PREFIX_HEADER = "hack/hack-Prefix.pch";
				HEADER_SEARCH_PATHS = "${SDK_DIR}/usr/include/libxml2";
				INFOPLIST_FILE = "hack/hack-Info.plist";
				IPHONEOS_DEPLOYMENT_TARGET = 5.0;
				LIBRARY_SEARCH_PATHS = (
					"$(inherited)",
					"\"$(SRCROOT)/hack/libs/Release-iphoneos\"",
					"\"$(SRCROOT)/hack/libs/Release-iphonesimulator\"",
					"\"$(SRCROOT)/hack/libs\"",
				);
				OTHER_LDFLAGS = "-ObjC";
				PRODUCT_NAME = "$(TARGET_NAME)";
				TARGETED_DEVICE_FAMILY = 1;
				WRAPPER_EXTENSION = app;
			};
			name = Release;
		};
/* End XCBuildConfiguration section */

/* Begin XCConfigurationList section */
		907B0F48179A4287009EE2D9 /* Build configuration list for PBXProject "hack" */ = {
			isa = XCConfigurationList;
			buildConfigurations = (
				907B0F6E179A4287009EE2D9 /* Debug */,
				907B0F6F179A4287009EE2D9 /* Release */,
			);
			defaultConfigurationIsVisible = 0;
			defaultConfigurationName = Release;
		};
		907B0F70179A4287009EE2D9 /* Build configuration list for PBXNativeTarget "hack" */ = {
			isa = XCConfigurationList;
			buildConfigurations = (
				907B0F71179A4287009EE2D9 /* Debug */,
				907B0F72179A4287009EE2D9 /* Release */,
			);
			defaultConfigurationIsVisible = 0;
			defaultConfigurationName = Release;
		};
/* End XCConfigurationList section */
	};
	rootObject = 907B0F45179A4287009EE2D9 /* Project object */;
}
